{
  "name": "js",
  "version": "1.0.0",
  "lockfileVersion": 3,
  "requires": true,
  "packages": {
    "": {
      "name": "js",
      "version": "1.0.0",
      "license": "ISC",
      "dependencies": {
        "@number0/iroh": "^1.0.0-rc.1"
      }
    },
    "node_modules/@number0/iroh": {
      "version": "1.0.0-rc.1",
      "resolved": "https://registry.npmjs.org/@number0/iroh/-/iroh-1.0.0-rc.1.tgz",
      "integrity": "sha512-y+R21LnhiTLnaf/Ws1ZbzveflAbH+KkYrxX/ANtamzpRYdNYDs1Y6r8ckc/Yow0uzYhvst/KMoWQD+7btrj/og==",
      "license": "MIT OR Apache-2.0",
      "engines": {
        "node": ">= 20.3.0"
      },
      "optionalDependencies": {
        "@number0/iroh-android-arm-eabi": "1.0.0-rc.1",
        "@number0/iroh-android-arm64": "1.0.0-rc.1",
        "@number0/iroh-darwin-arm64": "1.0.0-rc.1",
        "@number0/iroh-linux-arm-gnueabihf": "1.0.0-rc.1",
        "@number0/iroh-linux-arm-musleabihf": "1.0.0-rc.1",
        "@number0/iroh-linux-arm64-gnu": "1.0.0-rc.1",
        "@number0/iroh-linux-arm64-musl": "1.0.0-rc.1",
        "@number0/iroh-linux-x64-gnu": "1.0.0-rc.1",
        "@number0/iroh-linux-x64-musl": "1.0.0-rc.1",
        "@number0/iroh-win32-arm64-msvc": "1.0.0-rc.1",
        "@number0/iroh-win32-x64-msvc": "1.0.0-rc.1"
      }
    },
    "node_modules/@number0/iroh-android-arm-eabi": {
      "version": "1.0.0-rc.1",
      "resolved": "https://registry.npmjs.org/@number0/iroh-android-arm-eabi/-/iroh-android-arm-eabi-1.0.0-rc.1.tgz",
      "integrity": "sha512-G+f9IBg8oTu6xDCx9iqMkw/k4TrqSjSIIWmATycqN6HwZ1RPDCepGPCKKZBwjHsWQDGxJDOSWyy+7aMQTYAptQ==",
      "cpu": [
        "arm"
      ],
      "license": "MIT",
      "optional": true,
      "os": [
        "android"
      ],
      "engines": {
        "node": ">= 10"
      }
    },
    "node_modules/@number0/iroh-android-arm64": {
      "version": "1.0.0-rc.1",
      "resolved": "https://registry.npmjs.org/@number0/iroh-android-arm64/-/iroh-android-arm64-1.0.0-rc.1.tgz",
      "integrity": "sha512-dMB0RJ4PUHHWbEYVQz7zbS1XOmxSKMKqGdlI8sTYdXUSRp1BnhdOKYS/+sYZ4Pf9jFlhkzDmo0CNPaYKDMqDMA==",
      "cpu": [
        "arm64"
      ],
      "license": "MIT",
      "optional": true,
      "os": [
        "android"
      ],
      "engines": {
        "node": ">= 10"
      }
    },
    "node_modules/@number0/iroh-darwin-arm64": {
      "version": "1.0.0-rc.1",
      "resolved": "https://registry.npmjs.org/@number0/iroh-darwin-arm64/-/iroh-darwin-arm64-1.0.0-rc.1.tgz",
      "integrity": "sha512-KwfycNy0DgX+3e++FL5w8V5j9Ahysdi5KpaSB04EQ0ZjNmkJOXO8BXYOLgzqDDQ6oov/hL0Yo3EYDNdd2tCQog==",
      "cpu": [
        "arm64"
      ],
      "license": "MIT",
      "optional": true,
      "os": [
        "darwin"
      ],
      "engines": {
        "node": ">= 10"
      }
    },
    "node_modules/@number0/iroh-linux-arm-gnueabihf": {
      "version": "1.0.0-rc.1",
      "resolved": "https://registry.npmjs.org/@number0/iroh-linux-arm-gnueabihf/-/iroh-linux-arm-gnueabihf-1.0.0-rc.1.tgz",
      "integrity": "sha512-hysXX4VHSlSJEB3cq5lWK07yC1Gys6awfu3E1kvJaJjZ4LKG4emdM++NhD1hxQ3wQ7wCptKhWhV0GYsUfJe26g==",
      "cpu": [
        "arm"
      ],
      "license": "MIT",
      "optional": true,
      "os": [
        "linux"
      ],
      "engines": {
        "node": ">= 10"
      }
    },
    "node_modules/@number0/iroh-linux-arm-musleabihf": {
      "version": "1.0.0-rc.1",
      "resolved": "https://registry.npmjs.org/@number0/iroh-linux-arm-musleabihf/-/iroh-linux-arm-musleabihf-1.0.0-rc.1.tgz",
      "integrity": "sha512-N1h2qERj1jQrBPCOUJEZ4FHuKoUH1Ik5rR/MHmigxUwFcrl5mySeTqa/KudZx/SfDeanlO6oCcnIFvjzdv08FA==",
      "cpu": [
        "arm"
      ],
      "license": "MIT",
      "optional": true,
      "os": [
        "linux"
      ],
      "engines": {
        "node": ">= 10"
      }
    },
    "node_modules/@number0/iroh-linux-arm64-gnu": {
      "version": "1.0.0-rc.1",
      "resolved": "https://registry.npmjs.org/@number0/iroh-linux-arm64-gnu/-/iroh-linux-arm64-gnu-1.0.0-rc.1.tgz",
      "integrity": "sha512-mkjjSpPQjnFombN7ZiDfgOzWbRmCpY2s/nWXXYX1zL9ggf3EwXzFhMcE3/wWvzCyvHUhiGC9vXWpF9T08iWLFw==",
      "cpu": [
        "arm64"
      ],
      "license": "MIT",
      "optional": true,
      "os": [
        "linux"
      ],
      "engines": {
        "node": ">= 10"
      }
    },
    "node_modules/@number0/iroh-linux-arm64-musl": {
      "version": "1.0.0-rc.1",
      "resolved": "https://registry.npmjs.org/@number0/iroh-linux-arm64-musl/-/iroh-linux-arm64-musl-1.0.0-rc.1.tgz",
      "integrity": "sha512-SCz45TFhzU822ESiIqc19/MoMblyheWYcQOms5Ke2mGwvm7V/d7oaw6fl2LqZ5Wz+ZsPjbVsSxvVIBiLx+ZDVg==",
      "cpu": [
        "arm64"
      ],
      "license": "MIT",
      "optional": true,
      "os": [
        "linux"
      ],
      "engines": {
        "node": ">= 10"
      }
    },
    "node_modules/@number0/iroh-linux-x64-gnu": {
      "version": "1.0.0-rc.1",
      "resolved": "https://registry.npmjs.org/@number0/iroh-linux-x64-gnu/-/iroh-linux-x64-gnu-1.0.0-rc.1.tgz",
      "integrity": "sha512-mIijZ8D0GCUYj7Qx57VUiu16MoPKYvGOZSvoR3aQQvnu5ZqsunNmfRXGdTai4m3wJRU0vHPTRUNuyenJp4FFhA==",
      "cpu": [
        "x64"
      ],
      "license": "MIT",
      "optional": true,
      "os": [
        "linux"
      ],
      "engines": {
        "node": ">= 10"
      }
    },
    "node_modules/@number0/iroh-linux-x64-musl": {
      "version": "1.0.0-rc.1",
      "resolved": "https://registry.npmjs.org/@number0/iroh-linux-x64-musl/-/iroh-linux-x64-musl-1.0.0-rc.1.tgz",
      "integrity": "sha512-OfVcTGsVcfu9gOYEjftl7+Hymw/3cGhmP+5XdtEtVrZtWoKkjaJ+TB4F4+dICbhce1Wozhtx3QbWbi5PCyKCcg==",
      "cpu": [
        "x64"
      ],
      "license": "MIT",
      "optional": true,
      "os": [
        "linux"
      ],
      "engines": {
        "node": ">= 10"
      }
    },
    "node_modules/@number0/iroh-win32-arm64-msvc": {
      "version": "1.0.0-rc.1",
      "resolved": "https://registry.npmjs.org/@number0/iroh-win32-arm64-msvc/-/iroh-win32-arm64-msvc-1.0.0-rc.1.tgz",
      "integrity": "sha512-5cs3CiSIo+Le3LQzRmmX9ysIhCTKKVBD3zrEb3t+qbKfIO5o6W6RL7p0UcFPDgPQ8o+dW7fYEeacN98fXT8gGw==",
      "cpu": [
        "arm64"
      ],
      "license": "MIT",
      "optional": true,
      "os": [
        "win32"
      ],
      "engines": {
        "node": ">= 10"
      }
    },
    "node_modules/@number0/iroh-win32-x64-msvc": {
      "version": "1.0.0-rc.1",
      "resolved": "https://registry.npmjs.org/@number0/iroh-win32-x64-msvc/-/iroh-win32-x64-msvc-1.0.0-rc.1.tgz",
      "integrity": "sha512-np9NUK8B/5zR/Z4kN45bNRhAK5kVEIEa0EMRi90Yzl3Y71wul+H40TeV5wW8qoESMSknW7r3ivLDoopSIHvqIw==",
      "cpu": [
        "x64"
      ],
      "license": "MIT",
      "optional": true,
      "os": [
        "win32"
      ],
      "engines": {
        "node": ">= 10"
      }
    }
  }
}
