{
  "originHash" : "6a9c27fd02cca416ff39eaaa31a5a9b94bf796c3f44d59a9c3ab692e4ef4abdc",
  "pins" : [
    {
      "identity" : "iroh-ffi",
      "kind" : "remoteSourceControl",
      "location" : "https://github.com/n0-computer/iroh-ffi",
      "state" : {
        "branch" : "feat-1-0",
        "revision" : "8c36d52055d75a1bb750319b1d031d8913ed7cac"
      }
    }
  ],
  "version" : 3
}
