// !$*UTF8*$!
{
	archiveVersion = 1;
	classes = {
	};
	objectVersion = 77;
	objects = {

/* Begin PBXBuildFile section */
		9FCDCB0C2FB7700000FD70BF /* IrohLib in Frameworks */ = {isa = PBXBuildFile; productRef = 9FCDCB0D2FB7700000FD70BF /* IrohLib */; };
		9FCDCBF22FB77ABB00FD70BF /* IrohLib in Frameworks */ = {isa = PBXBuildFile; productRef = 9FCDCBF12FB77ABB00FD70BF /* IrohLib */; };
/* End PBXBuildFile section */

/* Begin PBXContainerItemProxy section */
		9FCDCAB92FB767D200FD70BF /* PBXContainerItemProxy */ = {
			isa = PBXContainerItemProxy;
			containerPortal = 9FCDCAA22FB767D100FD70BF /* Project object */;
			proxyType = 1;
			remoteGlobalIDString = 9FCDCAA92FB767D100FD70BF;
			remoteInfo = HelloIroh;
		};
		9FCDCAC32FB767D200FD70BF /* PBXContainerItemProxy */ = {
			isa = PBXContainerItemProxy;
			containerPortal = 9FCDCAA22FB767D100FD70BF /* Project object */;
			proxyType = 1;
			remoteGlobalIDString = 9FCDCAA92FB767D100FD70BF;
			remoteInfo = HelloIroh;
		};
/* End PBXContainerItemProxy section */

/* Begin PBXFileReference section */
		9FCDCAAA2FB767D100FD70BF /* HelloIroh.app */ = {isa = PBXFileReference; explicitFileType = wrapper.application; includeInIndex = 0; path = HelloIroh.app; sourceTree = BUILT_PRODUCTS_DIR; };
		9FCDCAB82FB767D200FD70BF /* HelloIrohTests.xctest */ = {isa = PBXFileReference; explicitFileType = wrapper.cfbundle; includeInIndex = 0; path = HelloIrohTests.xctest; sourceTree = BUILT_PRODUCTS_DIR; };
		9FCDCAC22FB767D200FD70BF /* HelloIrohUITests.xctest */ = {isa = PBXFileReference; explicitFileType = wrapper.cfbundle; includeInIndex = 0; path = HelloIrohUITests.xctest; sourceTree = BUILT_PRODUCTS_DIR; };
/* End PBXFileReference section */

/* Begin PBXFileSystemSynchronizedRootGroup section */
		9FCDCAAC2FB767D100FD70BF /* HelloIroh */ = {
			isa = PBXFileSystemSynchronizedRootGroup;
			path = HelloIroh;
			sourceTree = "<group>";
		};
		9FCDCABB2FB767D200FD70BF /* HelloIrohTests */ = {
			isa = PBXFileSystemSynchronizedRootGroup;
			path = HelloIrohTests;
			sourceTree = "<group>";
		};
		9FCDCAC52FB767D200FD70BF /* HelloIrohUITests */ = {
			isa = PBXFileSystemSynchronizedRootGroup;
			path = HelloIrohUITests;
			sourceTree = "<group>";
		};
/* End PBXFileSystemSynchronizedRootGroup section */

/* Begin PBXFrameworksBuildPhase section */
		9FCDCAA72FB767D100FD70BF /* Frameworks */ = {
			isa = PBXFrameworksBuildPhase;
			buildActionMask = 2147483647;
			files = (
				9FCDCBF22FB77ABB00FD70BF /* IrohLib in Frameworks */,
				9FCDCB0C2FB7700000FD70BF /* IrohLib in Frameworks */,
			);
			runOnlyForDeploymentPostprocessing = 0;
		};
		9FCDCAB52FB767D200FD70BF /* Frameworks */ = {
			isa = PBXFrameworksBuildPhase;
			buildActionMask = 2147483647;
			files = (
			);
			runOnlyForDeploymentPostprocessing = 0;
		};
		9FCDCABF2FB767D200FD70BF /* Frameworks */ = {
			isa = PBXFrameworksBuildPhase;
			buildActionMask = 2147483647;
			files = (
			);
			runOnlyForDeploymentPostprocessing = 0;
		};
/* End PBXFrameworksBuildPhase section */

/* Begin PBXGroup section */
		9FCDCAA12FB767D100FD70BF = {
			isa = PBXGroup;
			children = (
				9FCDCAAC2FB767D100FD70BF /* HelloIroh */,
				9FCDCABB2FB767D200FD70BF /* HelloIrohTests */,
				9FCDCAC52FB767D200FD70BF /* HelloIrohUITests */,
				9FCDCAAB2FB767D100FD70BF /* Products */,
			);
			sourceTree = "<group>";
		};
		9FCDCAAB2FB767D100FD70BF /* Products */ = {
			isa = PBXGroup;
			children = (
				9FCDCAAA2FB767D100FD70BF /* HelloIroh.app */,
				9FCDCAB82FB767D200FD70BF /* HelloIrohTests.xctest */,
				9FCDCAC22FB767D200FD70BF /* HelloIrohUITests.xctest */,
			);
			name = Products;
			sourceTree = "<group>";
		};
/* End PBXGroup section */

/* Begin PBXNativeTarget section */
		9FCDCAA92FB767D100FD70BF /* HelloIroh */ = {
			isa = PBXNativeTarget;
			buildConfigurationList = 9FCDCACC2FB767D200FD70BF /* Build configuration list for PBXNativeTarget "HelloIroh" */;
			buildPhases = (
				9FCDCAA62FB767D100FD70BF /* Sources */,
				9FCDCAA72FB767D100FD70BF /* Frameworks */,
				9FCDCAA82FB767D100FD70BF /* Resources */,
			);
			buildRules = (
			);
			dependencies = (
			);
			fileSystemSynchronizedGroups = (
				9FCDCAAC2FB767D100FD70BF /* HelloIroh */,
			);
			name = HelloIroh;
			packageProductDependencies = (
				9FCDCB0D2FB7700000FD70BF /* IrohLib */,
				9FCDCBF12FB77ABB00FD70BF /* IrohLib */,
			);
			productName = HelloIroh;
			productReference = 9FCDCAAA2FB767D100FD70BF /* HelloIroh.app */;
			productType = "com.apple.product-type.application";
		};
		9FCDCAB72FB767D200FD70BF /* HelloIrohTests */ = {
			isa = PBXNativeTarget;
			buildConfigurationList = 9FCDCACF2FB767D200FD70BF /* Build configuration list for PBXNativeTarget "HelloIrohTests" */;
			buildPhases = (
				9FCDCAB42FB767D200FD70BF /* Sources */,
				9FCDCAB52FB767D200FD70BF /* Frameworks */,
				9FCDCAB62FB767D200FD70BF /* Resources */,
			);
			buildRules = (
			);
			dependencies = (
				9FCDCABA2FB767D200FD70BF /* PBXTargetDependency */,
			);
			fileSystemSynchronizedGroups = (
				9FCDCABB2FB767D200FD70BF /* HelloIrohTests */,
			);
			name = HelloIrohTests;
			packageProductDependencies = (
			);
			productName = HelloIrohTests;
			productReference = 9FCDCAB82FB767D200FD70BF /* HelloIrohTests.xctest */;
			productType = "com.apple.product-type.bundle.unit-test";
		};
		9FCDCAC12FB767D200FD70BF /* HelloIrohUITests */ = {
			isa = PBXNativeTarget;
			buildConfigurationList = 9FCDCAD22FB767D200FD70BF /* Build configuration list for PBXNativeTarget "HelloIrohUITests" */;
			buildPhases = (
				9FCDCABE2FB767D200FD70BF /* Sources */,
				9FCDCABF2FB767D200FD70BF /* Frameworks */,
				9FCDCAC02FB767D200FD70BF /* Resources */,
			);
			buildRules = (
			);
			dependencies = (
				9FCDCAC42FB767D200FD70BF /* PBXTargetDependency */,
			);
			fileSystemSynchronizedGroups = (
				9FCDCAC52FB767D200FD70BF /* HelloIrohUITests */,
			);
			name = HelloIrohUITests;
			packageProductDependencies = (
			);
			productName = HelloIrohUITests;
			productReference = 9FCDCAC22FB767D200FD70BF /* HelloIrohUITests.xctest */;
			productType = "com.apple.product-type.bundle.ui-testing";
		};
/* End PBXNativeTarget section */

/* Begin PBXProject section */
		9FCDCAA22FB767D100FD70BF /* Project object */ = {
			isa = PBXProject;
			attributes = {
				BuildIndependentTargetsInParallel = 1;
				LastSwiftUpdateCheck = 1640;
				LastUpgradeCheck = 1640;
				TargetAttributes = {
					9FCDCAA92FB767D100FD70BF = {
						CreatedOnToolsVersion = 16.4;
					};
					9FCDCAB72FB767D200FD70BF = {
						CreatedOnToolsVersion = 16.4;
						TestTargetID = 9FCDCAA92FB767D100FD70BF;
					};
					9FCDCAC12FB767D200FD70BF = {
						CreatedOnToolsVersion = 16.4;
						TestTargetID = 9FCDCAA92FB767D100FD70BF;
					};
				};
			};
			buildConfigurationList = 9FCDCAA52FB767D100FD70BF /* Build configuration list for PBXProject "HelloIroh" */;
			developmentRegion = en;
			hasScannedForEncodings = 0;
			knownRegions = (
				en,
				Base,
			);
			mainGroup = 9FCDCAA12FB767D100FD70BF;
			minimizedProjectReferenceProxies = 1;
			packageReferences = (
				9FCDCBF02FB77ABB00FD70BF /* XCLocalSwiftPackageReference "../../iroh-ffi" */,
			);
			preferredProjectObjectVersion = 77;
			productRefGroup = 9FCDCAAB2FB767D100FD70BF /* Products */;
			projectDirPath = "";
			projectRoot = "";
			targets = (
				9FCDCAA92FB767D100FD70BF /* HelloIroh */,
				9FCDCAB72FB767D200FD70BF /* HelloIrohTests */,
				9FCDCAC12FB767D200FD70BF /* HelloIrohUITests */,
			);
		};
/* End PBXProject section */

/* Begin PBXResourcesBuildPhase section */
		9FCDCAA82FB767D100FD70BF /* Resources */ = {
			isa = PBXResourcesBuildPhase;
			buildActionMask = 2147483647;
			files = (
			);
			runOnlyForDeploymentPostprocessing = 0;
		};
		9FCDCAB62FB767D200FD70BF /* Resources */ = {
			isa = PBXResourcesBuildPhase;
			buildActionMask = 2147483647;
			files = (
			);
			runOnlyForDeploymentPostprocessing = 0;
		};
		9FCDCAC02FB767D200FD70BF /* Resources */ = {
			isa = PBXResourcesBuildPhase;
			buildActionMask = 2147483647;
			files = (
			);
			runOnlyForDeploymentPostprocessing = 0;
		};
/* End PBXResourcesBuildPhase section */

/* Begin PBXSourcesBuildPhase section */
		9FCDCAA62FB767D100FD70BF /* Sources */ = {
			isa = PBXSourcesBuildPhase;
			buildActionMask = 2147483647;
			files = (
			);
			runOnlyForDeploymentPostprocessing = 0;
		};
		9FCDCAB42FB767D200FD70BF /* Sources */ = {
			isa = PBXSourcesBuildPhase;
			buildActionMask = 2147483647;
			files = (
			);
			runOnlyForDeploymentPostprocessing = 0;
		};
		9FCDCABE2FB767D200FD70BF /* Sources */ = {
			isa = PBXSourcesBuildPhase;
			buildActionMask = 2147483647;
			files = (
			);
			runOnlyForDeploymentPostprocessing = 0;
		};
/* End PBXSourcesBuildPhase section */

/* Begin PBXTargetDependency section */
		9FCDCABA2FB767D200FD70BF /* PBXTargetDependency */ = {
			isa = PBXTargetDependency;
			target = 9FCDCAA92FB767D100FD70BF /* HelloIroh */;
			targetProxy = 9FCDCAB92FB767D200FD70BF /* PBXContainerItemProxy */;
		};
		9FCDCAC42FB767D200FD70BF /* PBXTargetDependency */ = {
			isa = PBXTargetDependency;
			target = 9FCDCAA92FB767D100FD70BF /* HelloIroh */;
			targetProxy = 9FCDCAC32FB767D200FD70BF /* PBXContainerItemProxy */;
		};
/* End PBXTargetDependency section */

/* Begin XCBuildConfiguration section */
		9FCDCACA2FB767D200FD70BF /* Debug */ = {
			isa = XCBuildConfiguration;
			buildSettings = {
				ALWAYS_SEARCH_USER_PATHS = NO;
				ASSETCATALOG_COMPILER_GENERATE_SWIFT_ASSET_SYMBOL_EXTENSIONS = YES;
				CLANG_ANALYZER_NONNULL = YES;
				CLANG_ANALYZER_NUMBER_OBJECT_CONVERSION = YES_AGGRESSIVE;
				CLANG_CXX_LANGUAGE_STANDARD = "gnu++20";
				CLANG_ENABLE_MODULES = YES;
				CLANG_ENABLE_OBJC_ARC = YES;
				CLANG_ENABLE_OBJC_WEAK = YES;
				CLANG_WARN_BLOCK_CAPTURE_AUTORELEASING = YES;
				CLANG_WARN_BOOL_CONVERSION = YES;
				CLANG_WARN_COMMA = YES;
				CLANG_WARN_CONSTANT_CONVERSION = YES;
				CLANG_WARN_DEPRECATED_OBJC_IMPLEMENTATIONS = YES;
				CLANG_WARN_DIRECT_OBJC_ISA_USAGE = YES_ERROR;
				CLANG_WARN_DOCUMENTATION_COMMENTS = YES;
				CLANG_WARN_EMPTY_BODY = YES;
				CLANG_WARN_ENUM_CONVERSION = YES;
				CLANG_WARN_INFINITE_RECURSION = YES;
				CLANG_WARN_INT_CONVERSION = YES;
				CLANG_WARN_NON_LITERAL_NULL_CONVERSION = YES;
				CLANG_WARN_OBJC_IMPLICIT_RETAIN_SELF = YES;
				CLANG_WARN_OBJC_LITERAL_CONVERSION = YES;
				CLANG_WARN_OBJC_ROOT_CLASS = YES_ERROR;
				CLANG_WARN_QUOTED_INCLUDE_IN_FRAMEWORK_HEADER = YES;
				CLANG_WARN_RANGE_LOOP_ANALYSIS = YES;
				CLANG_WARN_STRICT_PROTOTYPES = YES;
				CLANG_WARN_SUSPICIOUS_MOVE = YES;
				CLANG_WARN_UNGUARDED_AVAILABILITY = YES_AGGRESSIVE;
				CLANG_WARN_UNREACHABLE_CODE = YES;
				CLANG_WARN__DUPLICATE_METHOD_MATCH = YES;
				COPY_PHASE_STRIP = NO;
				DEBUG_INFORMATION_FORMAT = dwarf;
				ENABLE_STRICT_OBJC_MSGSEND = YES;
				ENABLE_TESTABILITY = YES;
				ENABLE_USER_SCRIPT_SANDBOXING = YES;
				GCC_C_LANGUAGE_STANDARD = gnu17;
				GCC_DYNAMIC_NO_PIC = NO;
				GCC_NO_COMMON_BLOCKS = YES;
				GCC_OPTIMIZATION_LEVEL = 0;
				GCC_PREPROCESSOR_DEFINITIONS = (
					"DEBUG=1",
					"$(inherited)",
				);
				GCC_WARN_64_TO_32_BIT_CONVERSION = YES;
				GCC_WARN_ABOUT_RETURN_TYPE = YES_ERROR;
				GCC_WARN_UNDECLARED_SELECTOR = YES;
				GCC_WARN_UNINITIALIZED_AUTOS = YES_AGGRESSIVE;
				GCC_WARN_UNUSED_FUNCTION = YES;
				GCC_WARN_UNUSED_VARIABLE = YES;
				LOCALIZATION_PREFERS_STRING_CATALOGS = YES;
				MTL_ENABLE_DEBUG_INFO = INCLUDE_SOURCE;
				MTL_FAST_MATH = YES;
				ONLY_ACTIVE_ARCH = YES;
				SWIFT_ACTIVE_COMPILATION_CONDITIONS = "DEBUG $(inherited)";
				SWIFT_OPTIMIZATION_LEVEL = "-Onone";
			};
			name = Debug;
		};
		9FCDCACB2FB767D200FD70BF /* Release */ = {
			isa = XCBuildConfiguration;
			buildSettings = {
				ALWAYS_SEARCH_USER_PATHS = NO;
				ASSETCATALOG_COMPILER_GENERATE_SWIFT_ASSET_SYMBOL_EXTENSIONS = YES;
				CLANG_ANALYZER_NONNULL = YES;
				CLANG_ANALYZER_NUMBER_OBJECT_CONVERSION = YES_AGGRESSIVE;
				CLANG_CXX_LANGUAGE_STANDARD = "gnu++20";
				CLANG_ENABLE_MODULES = YES;
				CLANG_ENABLE_OBJC_ARC = YES;
				CLANG_ENABLE_OBJC_WEAK = YES;
				CLANG_WARN_BLOCK_CAPTURE_AUTORELEASING = YES;
				CLANG_WARN_BOOL_CONVERSION = YES;
				CLANG_WARN_COMMA = YES;
				CLANG_WARN_CONSTANT_CONVERSION = YES;
				CLANG_WARN_DEPRECATED_OBJC_IMPLEMENTATIONS = YES;
				CLANG_WARN_DIRECT_OBJC_ISA_USAGE = YES_ERROR;
				CLANG_WARN_DOCUMENTATION_COMMENTS = YES;
				CLANG_WARN_EMPTY_BODY = YES;
				CLANG_WARN_ENUM_CONVERSION = YES;
				CLANG_WARN_INFINITE_RECURSION = YES;
				CLANG_WARN_INT_CONVERSION = YES;
				CLANG_WARN_NON_LITERAL_NULL_CONVERSION = YES;
				CLANG_WARN_OBJC_IMPLICIT_RETAIN_SELF = YES;
				CLANG_WARN_OBJC_LITERAL_CONVERSION = YES;
				CLANG_WARN_OBJC_ROOT_CLASS = YES_ERROR;
				CLANG_WARN_QUOTED_INCLUDE_IN_FRAMEWORK_HEADER = YES;
				CLANG_WARN_RANGE_LOOP_ANALYSIS = YES;
				CLANG_WARN_STRICT_PROTOTYPES = YES;
				CLANG_WARN_SUSPICIOUS_MOVE = YES;
				CLANG_WARN_UNGUARDED_AVAILABILITY = YES_AGGRESSIVE;
				CLANG_WARN_UNREACHABLE_CODE = YES;
				CLANG_WARN__DUPLICATE_METHOD_MATCH = YES;
				COPY_PHASE_STRIP = NO;
				DEBUG_INFORMATION_FORMAT = "dwarf-with-dsym";
				ENABLE_NS_ASSERTIONS = NO;
				ENABLE_STRICT_OBJC_MSGSEND = YES;
				ENABLE_USER_SCRIPT_SANDBOXING = YES;
				GCC_C_LANGUAGE_STANDARD = gnu17;
				GCC_NO_COMMON_BLOCKS = YES;
				GCC_WARN_64_TO_32_BIT_CONVERSION = YES;
				GCC_WARN_ABOUT_RETURN_TYPE = YES_ERROR;
				GCC_WARN_UNDECLARED_SELECTOR = YES;
				GCC_WARN_UNINITIALIZED_AUTOS = YES_AGGRESSIVE;
				GCC_WARN_UNUSED_FUNCTION = YES;
				GCC_WARN_UNUSED_VARIABLE = YES;
				LOCALIZATION_PREFERS_STRING_CATALOGS = YES;
				MTL_ENABLE_DEBUG_INFO = NO;
				MTL_FAST_MATH = YES;
				SWIFT_COMPILATION_MODE = wholemodule;
			};
			name = Release;
		};
		9FCDCACD2FB767D200FD70BF /* Debug */ = {
			isa = XCBuildConfiguration;
			buildSettings = {
				ASSETCATALOG_COMPILER_APPICON_NAME = AppIcon;
				ASSETCATALOG_COMPILER_GLOBAL_ACCENT_COLOR_NAME = AccentColor;
				CODE_SIGN_ENTITLEMENTS = HelloIroh/HelloIroh.entitlements;
				CODE_SIGN_STYLE = Automatic;
				CURRENT_PROJECT_VERSION = 1;
				DEVELOPMENT_TEAM = 3N5967R866;
				ENABLE_PREVIEWS = NO;
				GENERATE_INFOPLIST_FILE = YES;
				INFOPLIST_KEY_NSMotionUsageDescription = "Used to tilt the demo ball based on device motion.";
				"INFOPLIST_KEY_UIApplicationSceneManifest_Generation[sdk=iphoneos*]" = YES;
				"INFOPLIST_KEY_UIApplicationSceneManifest_Generation[sdk=iphonesimulator*]" = YES;
				"INFOPLIST_KEY_UIApplicationSupportsIndirectInputEvents[sdk=iphoneos*]" = YES;
				"INFOPLIST_KEY_UIApplicationSupportsIndirectInputEvents[sdk=iphonesimulator*]" = YES;
				"INFOPLIST_KEY_UILaunchScreen_Generation[sdk=iphoneos*]" = YES;
				"INFOPLIST_KEY_UILaunchScreen_Generation[sdk=iphonesimulator*]" = YES;
				"INFOPLIST_KEY_UIStatusBarStyle[sdk=iphoneos*]" = UIStatusBarStyleDefault;
				"INFOPLIST_KEY_UIStatusBarStyle[sdk=iphonesimulator*]" = UIStatusBarStyleDefault;
				INFOPLIST_KEY_UISupportedInterfaceOrientations_iPad = "UIInterfaceOrientationPortrait UIInterfaceOrientationPortraitUpsideDown UIInterfaceOrientationLandscapeLeft UIInterfaceOrientationLandscapeRight";
				INFOPLIST_KEY_UISupportedInterfaceOrientations_iPhone = "UIInterfaceOrientationPortrait UIInterfaceOrientationLandscapeLeft UIInterfaceOrientationLandscapeRight";
				IPHONEOS_DEPLOYMENT_TARGET = 18.5;
				LD_RUNPATH_SEARCH_PATHS = "@executable_path/Frameworks";
				"LD_RUNPATH_SEARCH_PATHS[sdk=macosx*]" = "@executable_path/../Frameworks";
				MACOSX_DEPLOYMENT_TARGET = 15.5;
				MARKETING_VERSION = 1.0;
				"OTHER_LDFLAGS[sdk=iphoneos*]" = (
					"-framework",
					Network,
				);
				"OTHER_LDFLAGS[sdk=iphonesimulator*]" = (
					"-framework",
					Network,
				);
				PRODUCT_BUNDLE_IDENTIFIER = com.number0.HelloIroh;
				PRODUCT_NAME = "$(TARGET_NAME)";
				REGISTER_APP_GROUPS = YES;
				SDKROOT = auto;
				SUPPORTED_PLATFORMS = "iphoneos iphonesimulator macosx";
				SUPPORTS_MACCATALYST = NO;
				SWIFT_EMIT_LOC_STRINGS = YES;
				SWIFT_VERSION = 5.0;
				TARGETED_DEVICE_FAMILY = "1,2";
				XROS_DEPLOYMENT_TARGET = 2.5;
			};
			name = Debug;
		};
		9FCDCACE2FB767D200FD70BF /* Release */ = {
			isa = XCBuildConfiguration;
			buildSettings = {
				ASSETCATALOG_COMPILER_APPICON_NAME = AppIcon;
				ASSETCATALOG_COMPILER_GLOBAL_ACCENT_COLOR_NAME = AccentColor;
				CODE_SIGN_ENTITLEMENTS = HelloIroh/HelloIroh.entitlements;
				CODE_SIGN_STYLE = Automatic;
				CURRENT_PROJECT_VERSION = 1;
				DEVELOPMENT_TEAM = 3N5967R866;
				ENABLE_PREVIEWS = NO;
				GENERATE_INFOPLIST_FILE = YES;
				INFOPLIST_KEY_NSMotionUsageDescription = "Used to tilt the demo ball based on device motion.";
				"INFOPLIST_KEY_UIApplicationSceneManifest_Generation[sdk=iphoneos*]" = YES;
				"INFOPLIST_KEY_UIApplicationSceneManifest_Generation[sdk=iphonesimulator*]" = YES;
				"INFOPLIST_KEY_UIApplicationSupportsIndirectInputEvents[sdk=iphoneos*]" = YES;
				"INFOPLIST_KEY_UIApplicationSupportsIndirectInputEvents[sdk=iphonesimulator*]" = YES;
				"INFOPLIST_KEY_UILaunchScreen_Generation[sdk=iphoneos*]" = YES;
				"INFOPLIST_KEY_UILaunchScreen_Generation[sdk=iphonesimulator*]" = YES;
				"INFOPLIST_KEY_UIStatusBarStyle[sdk=iphoneos*]" = UIStatusBarStyleDefault;
				"INFOPLIST_KEY_UIStatusBarStyle[sdk=iphonesimulator*]" = UIStatusBarStyleDefault;
				INFOPLIST_KEY_UISupportedInterfaceOrientations_iPad = "UIInterfaceOrientationPortrait UIInterfaceOrientationPortraitUpsideDown UIInterfaceOrientationLandscapeLeft UIInterfaceOrientationLandscapeRight";
				INFOPLIST_KEY_UISupportedInterfaceOrientations_iPhone = "UIInterfaceOrientationPortrait UIInterfaceOrientationLandscapeLeft UIInterfaceOrientationLandscapeRight";
				IPHONEOS_DEPLOYMENT_TARGET = 18.5;
				LD_RUNPATH_SEARCH_PATHS = "@executable_path/Frameworks";
				"LD_RUNPATH_SEARCH_PATHS[sdk=macosx*]" = "@executable_path/../Frameworks";
				MACOSX_DEPLOYMENT_TARGET = 15.5;
				MARKETING_VERSION = 1.0;
				"OTHER_LDFLAGS[sdk=iphoneos*]" = (
					"-framework",
					Network,
				);
				"OTHER_LDFLAGS[sdk=iphonesimulator*]" = (
					"-framework",
					Network,
				);
				PRODUCT_BUNDLE_IDENTIFIER = com.number0.HelloIroh;
				PRODUCT_NAME = "$(TARGET_NAME)";
				REGISTER_APP_GROUPS = YES;
				SDKROOT = auto;
				SUPPORTED_PLATFORMS = "iphoneos iphonesimulator macosx";
				SUPPORTS_MACCATALYST = NO;
				SWIFT_EMIT_LOC_STRINGS = YES;
				SWIFT_VERSION = 5.0;
				TARGETED_DEVICE_FAMILY = "1,2";
				XROS_DEPLOYMENT_TARGET = 2.5;
			};
			name = Release;
		};
		9FCDCAD02FB767D200FD70BF /* Debug */ = {
			isa = XCBuildConfiguration;
			buildSettings = {
				BUNDLE_LOADER = "$(TEST_HOST)";
				CODE_SIGN_STYLE = Automatic;
				CURRENT_PROJECT_VERSION = 1;
				GENERATE_INFOPLIST_FILE = YES;
				IPHONEOS_DEPLOYMENT_TARGET = 18.5;
				MACOSX_DEPLOYMENT_TARGET = 15.5;
				MARKETING_VERSION = 1.0;
				PRODUCT_BUNDLE_IDENTIFIER = com.number0.HelloIrohTests;
				PRODUCT_NAME = "$(TARGET_NAME)";
				SDKROOT = auto;
				SUPPORTED_PLATFORMS = "iphoneos iphonesimulator macosx xros xrsimulator";
				SWIFT_EMIT_LOC_STRINGS = NO;
				SWIFT_VERSION = 5.0;
				TARGETED_DEVICE_FAMILY = "1,2,7";
				TEST_HOST = "$(BUILT_PRODUCTS_DIR)/HelloIroh.app/$(BUNDLE_EXECUTABLE_FOLDER_PATH)/HelloIroh";
				XROS_DEPLOYMENT_TARGET = 2.5;
			};
			name = Debug;
		};
		9FCDCAD12FB767D200FD70BF /* Release */ = {
			isa = XCBuildConfiguration;
			buildSettings = {
				BUNDLE_LOADER = "$(TEST_HOST)";
				CODE_SIGN_STYLE = Automatic;
				CURRENT_PROJECT_VERSION = 1;
				GENERATE_INFOPLIST_FILE = YES;
				IPHONEOS_DEPLOYMENT_TARGET = 18.5;
				MACOSX_DEPLOYMENT_TARGET = 15.5;
				MARKETING_VERSION = 1.0;
				PRODUCT_BUNDLE_IDENTIFIER = com.number0.HelloIrohTests;
				PRODUCT_NAME = "$(TARGET_NAME)";
				SDKROOT = auto;
				SUPPORTED_PLATFORMS = "iphoneos iphonesimulator macosx xros xrsimulator";
				SWIFT_EMIT_LOC_STRINGS = NO;
				SWIFT_VERSION = 5.0;
				TARGETED_DEVICE_FAMILY = "1,2,7";
				TEST_HOST = "$(BUILT_PRODUCTS_DIR)/HelloIroh.app/$(BUNDLE_EXECUTABLE_FOLDER_PATH)/HelloIroh";
				XROS_DEPLOYMENT_TARGET = 2.5;
			};
			name = Release;
		};
		9FCDCAD32FB767D200FD70BF /* Debug */ = {
			isa = XCBuildConfiguration;
			buildSettings = {
				CODE_SIGN_STYLE = Automatic;
				CURRENT_PROJECT_VERSION = 1;
				GENERATE_INFOPLIST_FILE = YES;
				IPHONEOS_DEPLOYMENT_TARGET = 18.5;
				MACOSX_DEPLOYMENT_TARGET = 15.5;
				MARKETING_VERSION = 1.0;
				PRODUCT_BUNDLE_IDENTIFIER = com.number0.HelloIrohUITests;
				PRODUCT_NAME = "$(TARGET_NAME)";
				SDKROOT = auto;
				SUPPORTED_PLATFORMS = "iphoneos iphonesimulator macosx xros xrsimulator";
				SWIFT_EMIT_LOC_STRINGS = NO;
				SWIFT_VERSION = 5.0;
				TARGETED_DEVICE_FAMILY = "1,2,7";
				TEST_TARGET_NAME = HelloIroh;
				XROS_DEPLOYMENT_TARGET = 2.5;
			};
			name = Debug;
		};
		9FCDCAD42FB767D200FD70BF /* Release */ = {
			isa = XCBuildConfiguration;
			buildSettings = {
				CODE_SIGN_STYLE = Automatic;
				CURRENT_PROJECT_VERSION = 1;
				GENERATE_INFOPLIST_FILE = YES;
				IPHONEOS_DEPLOYMENT_TARGET = 18.5;
				MACOSX_DEPLOYMENT_TARGET = 15.5;
				MARKETING_VERSION = 1.0;
				PRODUCT_BUNDLE_IDENTIFIER = com.number0.HelloIrohUITests;
				PRODUCT_NAME = "$(TARGET_NAME)";
				SDKROOT = auto;
				SUPPORTED_PLATFORMS = "iphoneos iphonesimulator macosx xros xrsimulator";
				SWIFT_EMIT_LOC_STRINGS = NO;
				SWIFT_VERSION = 5.0;
				TARGETED_DEVICE_FAMILY = "1,2,7";
				TEST_TARGET_NAME = HelloIroh;
				XROS_DEPLOYMENT_TARGET = 2.5;
			};
			name = Release;
		};
/* End XCBuildConfiguration section */

/* Begin XCConfigurationList section */
		9FCDCAA52FB767D100FD70BF /* Build configuration list for PBXProject "HelloIroh" */ = {
			isa = XCConfigurationList;
			buildConfigurations = (
				9FCDCACA2FB767D200FD70BF /* Debug */,
				9FCDCACB2FB767D200FD70BF /* Release */,
			);
			defaultConfigurationIsVisible = 0;
			defaultConfigurationName = Release;
		};
		9FCDCACC2FB767D200FD70BF /* Build configuration list for PBXNativeTarget "HelloIroh" */ = {
			isa = XCConfigurationList;
			buildConfigurations = (
				9FCDCACD2FB767D200FD70BF /* Debug */,
				9FCDCACE2FB767D200FD70BF /* Release */,
			);
			defaultConfigurationIsVisible = 0;
			defaultConfigurationName = Release;
		};
		9FCDCACF2FB767D200FD70BF /* Build configuration list for PBXNativeTarget "HelloIrohTests" */ = {
			isa = XCConfigurationList;
			buildConfigurations = (
				9FCDCAD02FB767D200FD70BF /* Debug */,
				9FCDCAD12FB767D200FD70BF /* Release */,
			);
			defaultConfigurationIsVisible = 0;
			defaultConfigurationName = Release;
		};
		9FCDCAD22FB767D200FD70BF /* Build configuration list for PBXNativeTarget "HelloIrohUITests" */ = {
			isa = XCConfigurationList;
			buildConfigurations = (
				9FCDCAD32FB767D200FD70BF /* Debug */,
				9FCDCAD42FB767D200FD70BF /* Release */,
			);
			defaultConfigurationIsVisible = 0;
			defaultConfigurationName = Release;
		};
/* End XCConfigurationList section */

/* Begin XCLocalSwiftPackageReference section */
		9FCDCBF02FB77ABB00FD70BF /* XCLocalSwiftPackageReference "../../iroh-ffi" */ = {
			isa = XCLocalSwiftPackageReference;
			relativePath = "../../iroh-ffi";
		};
/* End XCLocalSwiftPackageReference section */

/* Begin XCSwiftPackageProductDependency section */
		9FCDCB0D2FB7700000FD70BF /* IrohLib */ = {
			isa = XCSwiftPackageProductDependency;
			package = 9FCDCBF02FB77ABB00FD70BF /* XCLocalSwiftPackageReference "../../iroh-ffi" */;
			productName = IrohLib;
		};
		9FCDCBF12FB77ABB00FD70BF /* IrohLib */ = {
			isa = XCSwiftPackageProductDependency;
			package = 9FCDCBF02FB77ABB00FD70BF /* XCLocalSwiftPackageReference "../../iroh-ffi" */;
			productName = IrohLib;
		};
/* End XCSwiftPackageProductDependency section */
	};
	rootObject = 9FCDCAA22FB767D100FD70BF /* Project object */;
}
